// !$*UTF8*$!
{
	archiveVersion = 1;
	classes = {
	};
	objectVersion = 77;
	objects = {

/* Begin PBXContainerItemProxy section */
		55E9AF532D08E3B40063E6D3 /* PBXContainerItemProxy */ = {
			isa = PBXContainerItemProxy;
			containerPortal = 55E9AF392D08E3B20063E6D3 /* Project object */;
			proxyType = 1;
			remoteGlobalIDString = 55E9AF402D08E3B20063E6D3;
			remoteInfo = GetHubExample;
		};
		55E9AF5D2D08E3B40063E6D3 /* PBXContainerItemProxy */ = {
			isa = PBXContainerItemProxy;
			containerPortal = 55E9AF392D08E3B20063E6D3 /* Project object */;
			proxyType = 1;
			remoteGlobalIDString = 55E9AF402D08E3B20063E6D3;
			remoteInfo = GetHubExample;
		};
/* End PBXContainerItemProxy section */

/* Begin PBXFileReference section */
		55E9AF412D08E3B20063E6D3 /* GetHubExample.app */ = {isa = PBXFileReference; explicitFileType = wrapper.application; includeInIndex = 0; path = GetHubExample.app; sourceTree = BUILT_PRODUCTS_DIR; };
		55E9AF522D08E3B40063E6D3 /* GetHubExampleTests.xctest */ = {isa = PBXFileReference; explicitFileType = wrapper.cfbundle; includeInIndex = 0; path = GetHubExampleTests.xctest; sourceTree = BUILT_PRODUCTS_DIR; };
		55E9AF5C2D08E3B40063E6D3 /* GetHubExampleUITests.xctest */ = {isa = PBXFileReference; explicitFileType = wrapper.cfbundle; includeInIndex = 0; path = GetHubExampleUITests.xctest; sourceTree = BUILT_PRODUCTS_DIR; };
/* End PBXFileReference section */

/* Begin PBXFileSystemSynchronizedRootGroup section */
		55E9AF432D08E3B20063E6D3 /* GetHubExample */ = {
			isa = PBXFileSystemSynchronizedRootGroup;
			path = GetHubExample;
			sourceTree = "<group>";
		};
		55E9AF552D08E3B40063E6D3 /* GetHubExampleTests */ = {
			isa = PBXFileSystemSynchronizedRootGroup;
			path = GetHubExampleTests;
			sourceTree = "<group>";
		};
		55E9AF5F2D08E3B40063E6D3 /* GetHubExampleUITests */ = {
			isa = PBXFileSystemSynchronizedRootGroup;
			path = GetHubExampleUITests;
			sourceTree = "<group>";
		};
/* End PBXFileSystemSynchronizedRootGroup section */

/* Begin PBXFrameworksBuildPhase section */
		55E9AF3E2D08E3B20063E6D3 /* Frameworks */ = {
			isa = PBXFrameworksBuildPhase;
			buildActionMask = 2147483647;
			files = (
			);
			runOnlyForDeploymentPostprocessing = 0;
		};
		55E9AF4F2D08E3B40063E6D3 /* Frameworks */ = {
			isa = PBXFrameworksBuildPhase;
			buildActionMask = 2147483647;
			files = (
			);
			runOnlyForDeploymentPostprocessing = 0;
		};
		55E9AF592D08E3B40063E6D3 /* Frameworks */ = {
			isa = PBXFrameworksBuildPhase;
			buildActionMask = 2147483647;
			files = (
			);
			runOnlyForDeploymentPostprocessing = 0;
		};
/* End PBXFrameworksBuildPhase section */

/* Begin PBXGroup section */
		55E9AF382D08E3B20063E6D3 = {
			isa = PBXGroup;
			children = (
				55E9AF432D08E3B20063E6D3 /* GetHubExample */,
				55E9AF552D08E3B40063E6D3 /* GetHubExampleTests */,
				55E9AF5F2D08E3B40063E6D3 /* GetHubExampleUITests */,
				55E9AF422D08E3B20063E6D3 /* Products */,
			);
			sourceTree = "<group>";
		};
		55E9AF422D08E3B20063E6D3 /* Products */ = {
			isa = PBXGroup;
			children = (
				55E9AF412D08E3B20063E6D3 /* GetHubExample.app */,
				55E9AF522D08E3B40063E6D3 /* GetHubExampleTests.xctest */,
				55E9AF5C2D08E3B40063E6D3 /* GetHubExampleUITests.xctest */,
			);
			name = Products;
			sourceTree = "<group>";
		};
/* End PBXGroup section */

/* Begin PBXNativeTarget section */
		55E9AF402D08E3B20063E6D3 /* GetHubExample */ = {
			isa = PBXNativeTarget;
			buildConfigurationList = 55E9AF662D08E3B40063E6D3 /* Build configuration list for PBXNativeTarget "GetHubExample" */;
			buildPhases = (
				55E9AF3D2D08E3B20063E6D3 /* Sources */,
				55E9AF3E2D08E3B20063E6D3 /* Frameworks */,
				55E9AF3F2D08E3B20063E6D3 /* Resources */,
			);
			buildRules = (
			);
			dependencies = (
			);
			fileSystemSynchronizedGroups = (
				55E9AF432D08E3B20063E6D3 /* GetHubExample */,
			);
			name = GetHubExample;
			packageProductDependencies = (
			);
			productName = GetHubExample;
			productReference = 55E9AF412D08E3B20063E6D3 /* GetHubExample.app */;
			productType = "com.apple.product-type.application";
		};
		55E9AF512D08E3B40063E6D3 /* GetHubExampleTests */ = {
			isa = PBXNativeTarget;
			buildConfigurationList = 55E9AF692D08E3B40063E6D3 /* Build configuration list for PBXNativeTarget "GetHubExampleTests" */;
			buildPhases = (
				55E9AF4E2D08E3B40063E6D3 /* Sources */,
				55E9AF4F2D08E3B40063E6D3 /* Frameworks */,
				55E9AF502D08E3B40063E6D3 /* Resources */,
			);
			buildRules = (
			);
			dependencies = (
				55E9AF542D08E3B40063E6D3 /* PBXTargetDependency */,
			);
			fileSystemSynchronizedGroups = (
				55E9AF552D08E3B40063E6D3 /* GetHubExampleTests */,
			);
			name = GetHubExampleTests;
			packageProductDependencies = (
			);
			productName = GetHubExampleTests;
			productReference = 55E9AF522D08E3B40063E6D3 /* GetHubExampleTests.xctest */;
			productType = "com.apple.product-type.bundle.unit-test";
		};
		55E9AF5B2D08E3B40063E6D3 /* GetHubExampleUITests */ = {
			isa = PBXNativeTarget;
			buildConfigurationList = 55E9AF6C2D08E3B40063E6D3 /* Build configuration list for PBXNativeTarget "GetHubExampleUITests" */;
			buildPhases = (
				55E9AF582D08E3B40063E6D3 /* Sources */,
				55E9AF592D08E3B40063E6D3 /* Frameworks */,
				55E9AF5A2D08E3B40063E6D3 /* Resources */,
			);
			buildRules = (
			);
			dependencies = (
				55E9AF5E2D08E3B40063E6D3 /* PBXTargetDependency */,
			);
			fileSystemSynchronizedGroups = (
				55E9AF5F2D08E3B40063E6D3 /* GetHubExampleUITests */,
			);
			name = GetHubExampleUITests;
			packageProductDependencies = (
			);
			productName = GetHubExampleUITests;
			productReference = 55E9AF5C2D08E3B40063E6D3 /* GetHubExampleUITests.xctest */;
			productType = "com.apple.product-type.bundle.ui-testing";
		};
/* End PBXNativeTarget section */

/* Begin PBXProject section */
		55E9AF392D08E3B20063E6D3 /* Project object */ = {
			isa = PBXProject;
			attributes = {
				BuildIndependentTargetsInParallel = 1;
				LastSwiftUpdateCheck = 1600;
				LastUpgradeCheck = 1600;
				TargetAttributes = {
					55E9AF402D08E3B20063E6D3 = {
						CreatedOnToolsVersion = 16.0;
					};
					55E9AF512D08E3B40063E6D3 = {
						CreatedOnToolsVersion = 16.0;
						TestTargetID = 55E9AF402D08E3B20063E6D3;
					};
					55E9AF5B2D08E3B40063E6D3 = {
						CreatedOnToolsVersion = 16.0;
						TestTargetID = 55E9AF402D08E3B20063E6D3;
					};
				};
			};
			buildConfigurationList = 55E9AF3C2D08E3B20063E6D3 /* Build configuration list for PBXProject "GetHubExample" */;
			developmentRegion = en;
			hasScannedForEncodings = 0;
			knownRegions = (
				en,
				Base,
			);
			mainGroup = 55E9AF382D08E3B20063E6D3;
			minimizedProjectReferenceProxies = 1;
			preferredProjectObjectVersion = 77;
			productRefGroup = 55E9AF422D08E3B20063E6D3 /* Products */;
			projectDirPath = "";
			projectRoot = "";
			targets = (
				55E9AF402D08E3B20063E6D3 /* GetHubExample */,
				55E9AF512D08E3B40063E6D3 /* GetHubExampleTests */,
				55E9AF5B2D08E3B40063E6D3 /* GetHubExampleUITests */,
			);
		};
/* End PBXProject section */

/* Begin PBXResourcesBuildPhase section */
		55E9AF3F2D08E3B20063E6D3 /* Resources */ = {
			isa = PBXResourcesBuildPhase;
			buildActionMask = 2147483647;
			files = (
			);
			runOnlyForDeploymentPostprocessing = 0;
		};
		55E9AF502D08E3B40063E6D3 /* Resources */ = {
			isa = PBXResourcesBuildPhase;
			buildActionMask = 2147483647;
			files = (
			);
			runOnlyForDeploymentPostprocessing = 0;
		};
		55E9AF5A2D08E3B40063E6D3 /* Resources */ = {
			isa = PBXResourcesBuildPhase;
			buildActionMask = 2147483647;
			files = (
			);
			runOnlyForDeploymentPostprocessing = 0;
		};
/* End PBXResourcesBuildPhase section */

/* Begin PBXSourcesBuildPhase section */
		55E9AF3D2D08E3B20063E6D3 /* Sources */ = {
			isa = PBXSourcesBuildPhase;
			buildActionMask = 2147483647;
			files = (
			);
			runOnlyForDeploymentPostprocessing = 0;
		};
		55E9AF4E2D08E3B40063E6D3 /* Sources */ = {
			isa = PBXSourcesBuildPhase;
			buildActionMask = 2147483647;
			files = (
			);
			runOnlyForDeploymentPostprocessing = 0;
		};
		55E9AF582D08E3B40063E6D3 /* Sources */ = {
			isa = PBXSourcesBuildPhase;
			buildActionMask = 2147483647;
			files = (
			);
			runOnlyForDeploymentPostprocessing = 0;
		};
/* End PBXSourcesBuildPhase section */

/* Begin PBXTargetDependency section */
		55E9AF542D08E3B40063E6D3 /* PBXTargetDependency */ = {
			isa = PBXTargetDependency;
			target = 55E9AF402D08E3B20063E6D3 /* GetHubExample */;
			targetProxy = 55E9AF532D08E3B40063E6D3 /* PBXContainerItemProxy */;
		};
		55E9AF5E2D08E3B40063E6D3 /* PBXTargetDependency */ = {
			isa = PBXTargetDependency;
			target = 55E9AF402D08E3B20063E6D3 /* GetHubExample */;
			targetProxy = 55E9AF5D2D08E3B40063E6D3 /* PBXContainerItemProxy */;
		};
/* End PBXTargetDependency section */

/* Begin XCBuildConfiguration section */
		55E9AF642D08E3B40063E6D3 /* Debug */ = {
			isa = XCBuildConfiguration;
			buildSettings = {
				ALWAYS_SEARCH_USER_PATHS = NO;
				ASSETCATALOG_COMPILER_GENERATE_SWIFT_ASSET_SYMBOL_EXTENSIONS = YES;
				CLANG_ANALYZER_NONNULL = YES;
				CLANG_ANALYZER_NUMBER_OBJECT_CONVERSION = YES_AGGRESSIVE;
				CLANG_CXX_LANGUAGE_STANDARD = "gnu++20";
				CLANG_ENABLE_MODULES = YES;
				CLANG_ENABLE_OBJC_ARC = YES;
				CLANG_ENABLE_OBJC_WEAK = YES;
				CLANG_WARN_BLOCK_CAPTURE_AUTORELEASING = YES;
				CLANG_WARN_BOOL_CONVERSION = YES;
				CLANG_WARN_COMMA = YES;
				CLANG_WARN_CONSTANT_CONVERSION = YES;
				CLANG_WARN_DEPRECATED_OBJC_IMPLEMENTATIONS = YES;
				CLANG_WARN_DIRECT_OBJC_ISA_USAGE = YES_ERROR;
				CLANG_WARN_DOCUMENTATION_COMMENTS = YES;
				CLANG_WARN_EMPTY_BODY = YES;
				CLANG_WARN_ENUM_CONVERSION = YES;
				CLANG_WARN_INFINITE_RECURSION = YES;
				CLANG_WARN_INT_CONVERSION = YES;
				CLANG_WARN_NON_LITERAL_NULL_CONVERSION = YES;
				CLANG_WARN_OBJC_IMPLICIT_RETAIN_SELF = YES;
				CLANG_WARN_OBJC_LITERAL_CONVERSION = YES;
				CLANG_WARN_OBJC_ROOT_CLASS = YES_ERROR;
				CLANG_WARN_QUOTED_INCLUDE_IN_FRAMEWORK_HEADER = YES;
				CLANG_WARN_RANGE_LOOP_ANALYSIS = YES;
				CLANG_WARN_STRICT_PROTOTYPES = YES;
				CLANG_WARN_SUSPICIOUS_MOVE = YES;
				CLANG_WARN_UNGUARDED_AVAILABILITY = YES_AGGRESSIVE;
				CLANG_WARN_UNREACHABLE_CODE = YES;
				CLANG_WARN__DUPLICATE_METHOD_MATCH = YES;
				COPY_PHASE_STRIP = NO;
				DEBUG_INFORMATION_FORMAT = dwarf;
				ENABLE_STRICT_OBJC_MSGSEND = YES;
				ENABLE_TESTABILITY = YES;
				ENABLE_USER_SCRIPT_SANDBOXING = YES;
				GCC_C_LANGUAGE_STANDARD = gnu17;
				GCC_DYNAMIC_NO_PIC = NO;
				GCC_NO_COMMON_BLOCKS = YES;
				GCC_OPTIMIZATION_LEVEL = 0;
				GCC_PREPROCESSOR_DEFINITIONS = (
					"DEBUG=1",
					"$(inherited)",
				);
				GCC_WARN_64_TO_32_BIT_CONVERSION = YES;
				GCC_WARN_ABOUT_RETURN_TYPE = YES_ERROR;
				GCC_WARN_UNDECLARED_SELECTOR = YES;
				GCC_WARN_UNINITIALIZED_AUTOS = YES_AGGRESSIVE;
				GCC_WARN_UNUSED_FUNCTION = YES;
				GCC_WARN_UNUSED_VARIABLE = YES;
				LOCALIZATION_PREFERS_STRING_CATALOGS = YES;
				MACOSX_DEPLOYMENT_TARGET = 15.0;
				MTL_ENABLE_DEBUG_INFO = INCLUDE_SOURCE;
				MTL_FAST_MATH = YES;
				ONLY_ACTIVE_ARCH = YES;
				SDKROOT = macosx;
				SWIFT_ACTIVE_COMPILATION_CONDITIONS = "DEBUG $(inherited)";
				SWIFT_OPTIMIZATION_LEVEL = "-Onone";
			};
			name = Debug;
		};
		55E9AF652D08E3B40063E6D3 /* Release */ = {
			isa = XCBuildConfiguration;
			buildSettings = {
				ALWAYS_SEARCH_USER_PATHS = NO;
				ASSETCATALOG_COMPILER_GENERATE_SWIFT_ASSET_SYMBOL_EXTENSIONS = YES;
				CLANG_ANALYZER_NONNULL = YES;
				CLANG_ANALYZER_NUMBER_OBJECT_CONVERSION = YES_AGGRESSIVE;
				CLANG_CXX_LANGUAGE_STANDARD = "gnu++20";
				CLANG_ENABLE_MODULES = YES;
				CLANG_ENABLE_OBJC_ARC = YES;
				CLANG_ENABLE_OBJC_WEAK = YES;
				CLANG_WARN_BLOCK_CAPTURE_AUTORELEASING = YES;
				CLANG_WARN_BOOL_CONVERSION = YES;
				CLANG_WARN_COMMA = YES;
				CLANG_WARN_CONSTANT_CONVERSION = YES;
				CLANG_WARN_DEPRECATED_OBJC_IMPLEMENTATIONS = YES;
				CLANG_WARN_DIRECT_OBJC_ISA_USAGE = YES_ERROR;
				CLANG_WARN_DOCUMENTATION_COMMENTS = YES;
				CLANG_WARN_EMPTY_BODY = YES;
				CLANG_WARN_ENUM_CONVERSION = YES;
				CLANG_WARN_INFINITE_RECURSION = YES;
				CLANG_WARN_INT_CONVERSION = YES;
				CLANG_WARN_NON_LITERAL_NULL_CONVERSION = YES;
				CLANG_WARN_OBJC_IMPLICIT_RETAIN_SELF = YES;
				CLANG_WARN_OBJC_LITERAL_CONVERSION = YES;
				CLANG_WARN_OBJC_ROOT_CLASS = YES_ERROR;
				CLANG_WARN_QUOTED_INCLUDE_IN_FRAMEWORK_HEADER = YES;
				CLANG_WARN_RANGE_LOOP_ANALYSIS = YES;
				CLANG_WARN_STRICT_PROTOTYPES = YES;
				CLANG_WARN_SUSPICIOUS_MOVE = YES;
				CLANG_WARN_UNGUARDED_AVAILABILITY = YES_AGGRESSIVE;
				CLANG_WARN_UNREACHABLE_CODE = YES;
				CLANG_WARN__DUPLICATE_METHOD_MATCH = YES;
				COPY_PHASE_STRIP = NO;
				DEBUG_INFORMATION_FORMAT = "dwarf-with-dsym";
				ENABLE_NS_ASSERTIONS = NO;
				ENABLE_STRICT_OBJC_MSGSEND = YES;
				ENABLE_USER_SCRIPT_SANDBOXING = YES;
				GCC_C_LANGUAGE_STANDARD = gnu17;
				GCC_NO_COMMON_BLOCKS = YES;
				GCC_WARN_64_TO_32_BIT_CONVERSION = YES;
				GCC_WARN_ABOUT_RETURN_TYPE = YES_ERROR;
				GCC_WARN_UNDECLARED_SELECTOR = YES;
				GCC_WARN_UNINITIALIZED_AUTOS = YES_AGGRESSIVE;
				GCC_WARN_UNUSED_FUNCTION = YES;
				GCC_WARN_UNUSED_VARIABLE = YES;
				LOCALIZATION_PREFERS_STRING_CATALOGS = YES;
				MACOSX_DEPLOYMENT_TARGET = 15.0;
				MTL_ENABLE_DEBUG_INFO = NO;
				MTL_FAST_MATH = YES;
				SDKROOT = macosx;
				SWIFT_COMPILATION_MODE = wholemodule;
			};
			name = Release;
		};
		55E9AF672D08E3B40063E6D3 /* Debug */ = {
			isa = XCBuildConfiguration;
			buildSettings = {
				ASSETCATALOG_COMPILER_APPICON_NAME = AppIcon;
				ASSETCATALOG_COMPILER_GLOBAL_ACCENT_COLOR_NAME = AccentColor;
				CODE_SIGN_ENTITLEMENTS = GetHubExample/GetHubExample.entitlements;
				CODE_SIGN_STYLE = Automatic;
				COMBINE_HIDPI_IMAGES = YES;
				CURRENT_PROJECT_VERSION = 1;
				DEVELOPMENT_ASSET_PATHS = "\"GetHubExample/Preview Content\"";
				DEVELOPMENT_TEAM = Z59H49Z75K;
				ENABLE_HARDENED_RUNTIME = YES;
				ENABLE_PREVIEWS = YES;
				GENERATE_INFOPLIST_FILE = YES;
				INFOPLIST_KEY_NSHumanReadableCopyright = "";
				LD_RUNPATH_SEARCH_PATHS = (
					"$(inherited)",
					"@executable_path/../Frameworks",
				);
				MARKETING_VERSION = 1.0;
				PRODUCT_BUNDLE_IDENTIFIER = name.derrickhines.GetHubExample;
				PRODUCT_NAME = "$(TARGET_NAME)";
				SWIFT_EMIT_LOC_STRINGS = YES;
				SWIFT_VERSION = 5.0;
			};
			name = Debug;
		};
		55E9AF682D08E3B40063E6D3 /* Release */ = {
			isa = XCBuildConfiguration;
			buildSettings = {
				ASSETCATALOG_COMPILER_APPICON_NAME = AppIcon;
				ASSETCATALOG_COMPILER_GLOBAL_ACCENT_COLOR_NAME = AccentColor;
				CODE_SIGN_ENTITLEMENTS = GetHubExample/GetHubExample.entitlements;
				CODE_SIGN_STYLE = Automatic;
				COMBINE_HIDPI_IMAGES = YES;
				CURRENT_PROJECT_VERSION = 1;
				DEVELOPMENT_ASSET_PATHS = "\"GetHubExample/Preview Content\"";
				DEVELOPMENT_TEAM = Z59H49Z75K;
				ENABLE_HARDENED_RUNTIME = YES;
				ENABLE_PREVIEWS = YES;
				GENERATE_INFOPLIST_FILE = YES;
				INFOPLIST_KEY_NSHumanReadableCopyright = "";
				LD_RUNPATH_SEARCH_PATHS = (
					"$(inherited)",
					"@executable_path/../Frameworks",
				);
				MARKETING_VERSION = 1.0;
				PRODUCT_BUNDLE_IDENTIFIER = name.derrickhines.GetHubExample;
				PRODUCT_NAME = "$(TARGET_NAME)";
				SWIFT_EMIT_LOC_STRINGS = YES;
				SWIFT_VERSION = 5.0;
			};
			name = Release;
		};
		55E9AF6A2D08E3B40063E6D3 /* Debug */ = {
			isa = XCBuildConfiguration;
			buildSettings = {
				BUNDLE_LOADER = "$(TEST_HOST)";
				CODE_SIGN_STYLE = Automatic;
				CURRENT_PROJECT_VERSION = 1;
				DEVELOPMENT_TEAM = Z59H49Z75K;
				GENERATE_INFOPLIST_FILE = YES;
				MACOSX_DEPLOYMENT_TARGET = 15.0;
				MARKETING_VERSION = 1.0;
				PRODUCT_BUNDLE_IDENTIFIER = name.derrickhines.GetHubExampleTests;
				PRODUCT_NAME = "$(TARGET_NAME)";
				SWIFT_EMIT_LOC_STRINGS = NO;
				SWIFT_VERSION = 5.0;
				TEST_HOST = "$(BUILT_PRODUCTS_DIR)/GetHubExample.app/$(BUNDLE_EXECUTABLE_FOLDER_PATH)/GetHubExample";
			};
			name = Debug;
		};
		55E9AF6B2D08E3B40063E6D3 /* Release */ = {
			isa = XCBuildConfiguration;
			buildSettings = {
				BUNDLE_LOADER = "$(TEST_HOST)";
				CODE_SIGN_STYLE = Automatic;
				CURRENT_PROJECT_VERSION = 1;
				DEVELOPMENT_TEAM = Z59H49Z75K;
				GENERATE_INFOPLIST_FILE = YES;
				MACOSX_DEPLOYMENT_TARGET = 15.0;
				MARKETING_VERSION = 1.0;
				PRODUCT_BUNDLE_IDENTIFIER = name.derrickhines.GetHubExampleTests;
				PRODUCT_NAME = "$(TARGET_NAME)";
				SWIFT_EMIT_LOC_STRINGS = NO;
				SWIFT_VERSION = 5.0;
				TEST_HOST = "$(BUILT_PRODUCTS_DIR)/GetHubExample.app/$(BUNDLE_EXECUTABLE_FOLDER_PATH)/GetHubExample";
			};
			name = Release;
		};
		55E9AF6D2D08E3B40063E6D3 /* Debug */ = {
			isa = XCBuildConfiguration;
			buildSettings = {
				CODE_SIGN_STYLE = Automatic;
				CURRENT_PROJECT_VERSION = 1;
				DEVELOPMENT_TEAM = Z59H49Z75K;
				GENERATE_INFOPLIST_FILE = YES;
				MARKETING_VERSION = 1.0;
				PRODUCT_BUNDLE_IDENTIFIER = name.derrickhines.GetHubExampleUITests;
				PRODUCT_NAME = "$(TARGET_NAME)";
				SWIFT_EMIT_LOC_STRINGS = NO;
				SWIFT_VERSION = 5.0;
				TEST_TARGET_NAME = GetHubExample;
			};
			name = Debug;
		};
		55E9AF6E2D08E3B40063E6D3 /* Release */ = {
			isa = XCBuildConfiguration;
			buildSettings = {
				CODE_SIGN_STYLE = Automatic;
				CURRENT_PROJECT_VERSION = 1;
				DEVELOPMENT_TEAM = Z59H49Z75K;
				GENERATE_INFOPLIST_FILE = YES;
				MARKETING_VERSION = 1.0;
				PRODUCT_BUNDLE_IDENTIFIER = name.derrickhines.GetHubExampleUITests;
				PRODUCT_NAME = "$(TARGET_NAME)";
				SWIFT_EMIT_LOC_STRINGS = NO;
				SWIFT_VERSION = 5.0;
				TEST_TARGET_NAME = GetHubExample;
			};
			name = Release;
		};
/* End XCBuildConfiguration section */

/* Begin XCConfigurationList section */
		55E9AF3C2D08E3B20063E6D3 /* Build configuration list for PBXProject "GetHubExample" */ = {
			isa = XCConfigurationList;
			buildConfigurations = (
				55E9AF642D08E3B40063E6D3 /* Debug */,
				55E9AF652D08E3B40063E6D3 /* Release */,
			);
			defaultConfigurationIsVisible = 0;
			defaultConfigurationName = Release;
		};
		55E9AF662D08E3B40063E6D3 /* Build configuration list for PBXNativeTarget "GetHubExample" */ = {
			isa = XCConfigurationList;
			buildConfigurations = (
				55E9AF672D08E3B40063E6D3 /* Debug */,
				55E9AF682D08E3B40063E6D3 /* Release */,
			);
			defaultConfigurationIsVisible = 0;
			defaultConfigurationName = Release;
		};
		55E9AF692D08E3B40063E6D3 /* Build configuration list for PBXNativeTarget "GetHubExampleTests" */ = {
			isa = XCConfigurationList;
			buildConfigurations = (
				55E9AF6A2D08E3B40063E6D3 /* Debug */,
				55E9AF6B2D08E3B40063E6D3 /* Release */,
			);
			defaultConfigurationIsVisible = 0;
			defaultConfigurationName = Release;
		};
		55E9AF6C2D08E3B40063E6D3 /* Build configuration list for PBXNativeTarget "GetHubExampleUITests" */ = {
			isa = XCConfigurationList;
			buildConfigurations = (
				55E9AF6D2D08E3B40063E6D3 /* Debug */,
				55E9AF6E2D08E3B40063E6D3 /* Release */,
			);
			defaultConfigurationIsVisible = 0;
			defaultConfigurationName = Release;
		};
/* End XCConfigurationList section */
	};
	rootObject = 55E9AF392D08E3B20063E6D3 /* Project object */;
}
